<?xml version="1.0" encoding="utf-8"?>
<Project ToolsVersion="4.0" xmlns="http://schemas.microsoft.com/developer/msbuild/2003">
  <ItemGroup>
    <Filter Include="Source Files">
      <UniqueIdentifier>{4FC737F1-C7A5-4376-A066-2A32D752A2FF}</UniqueIdentifier>
      <Extensions>cpp;c;cc;cxx;c++;cppm;ixx;def;odl;idl;hpj;bat;asm;asmx</Extensions>
    </Filter>
    <Filter Include="Header Files">
      <UniqueIdentifier>{93995380-89BD-4b04-88EB-625FBE52EBFB}</UniqueIdentifier>
      <Extensions>h;hh;hpp;hxx;h++;hm;inl;inc;ipp;xsd</Extensions>
    </Filter>
    <Filter Include="Resource Files">
      <UniqueIdentifier>{67DA6AB6-F800-4c08-8B7A-83BB121AAD01}</UniqueIdentifier>
      <Extensions>rc;ico;cur;bmp;dlg;rc2;rct;bin;rgs;gif;jpg;jpeg;jpe;resx;tiff;tif;png;wav;mfcribbon-ms</Extensions>
    </Filter>
  </ItemGroup>
  <ItemGroup>
    <ClCompile Include="GameProject.cpp">
      <Filter>Source Files</Filter>
    </ClCompile>
    <ClCompile Include="FpsComponent.cpp">
      <Filter>Source Files</Filter>
    </ClCompile>
    <ClCompile Include="HealthComponent.cpp">
      <Filter>Source Files</Filter>
    </ClCompile>
    <ClCompile Include="OrbitComponent.cpp">
      <Filter>Source Files</Filter>
    </ClCompile>
    <ClCompile Include="Components\PickUp.cpp">
      <Filter>Source Files</Filter>
    </ClCompile>
    <ClCompile Include="PointsDisplayComponent.cpp">
      <Filter>Source Files</Filter>
    </ClCompile>
    <ClCompile Include="RemainingLivesDisplayComponent.cpp">
      <Filter>Source Files</Filter>
    </ClCompile>
    <ClCompile Include="RenderComponent.cpp">
      <Filter>Source Files</Filter>
    </ClCompile>
    <ClCompile Include="TextComponent.cpp">
      <Filter>Source Files</Filter>
    </ClCompile>
    <ClCompile Include="TTCComponent.cpp">
      <Filter>Source Files</Filter>
    </ClCompile>
    <ClCompile Include="MoveComponent.cpp">
      <Filter>Source Files</Filter>
    </ClCompile>
    <ClCompile Include="GhostStateScatter.cpp">
      <Filter>Source Files</Filter>
    </ClCompile>
    <ClCompile Include="GhostControllerComponent.cpp">
      <Filter>Source Files</Filter>
    </ClCompile>
    <ClCompile Include="PowerPelletComponent.cpp">
      <Filter>Source Files</Filter>
    </ClCompile>
    <ClCompile Include="GhostStateChase.cpp">
      <Filter>Source Files</Filter>
    </ClCompile>
    <ClCompile Include="GhostStateFrightened.cpp">
      <Filter>Source Files</Filter>
    </ClCompile>
    <ClCompile Include="GhostStateDead.cpp">
      <Filter>Source Files</Filter>
    </ClCompile>
    <ClCompile Include="Components\Grid.cpp">
      <Filter>Source Files</Filter>
    </ClCompile>
    <ClCompile Include="Components\PacmanMovement.cpp">
      <Filter>Source Files</Filter>
    </ClCompile>
    <ClCompile Include="Components\PacmanRender.cpp">
      <Filter>Source Files</Filter>
    </ClCompile>
    <ClCompile Include="Components\PickupSpawner.cpp">
      <Filter>Source Files</Filter>
    </ClCompile>
    <ClCompile Include="Components\CircleCollider.cpp">
      <Filter>Source Files</Filter>
    </ClCompile>
    <ClCompile Include="Components\PacmanController.cpp">
      <Filter>Source Files</Filter>
    </ClCompile>
  </ItemGroup>
  <ItemGroup>
    <ClInclude Include="DamageCommand.h">
      <Filter>Header Files</Filter>
    </ClInclude>
    <ClInclude Include="MoveCommands.h">
      <Filter>Header Files</Filter>
    </ClInclude>
    <ClInclude Include="PickUpCommand.h">
      <Filter>Header Files</Filter>
    </ClInclude>
    <ClInclude Include="FpsComponent.h">
      <Filter>Header Files</Filter>
    </ClInclude>
    <ClInclude Include="HealthComponent.h">
      <Filter>Header Files</Filter>
    </ClInclude>
    <ClInclude Include="OrbitComponent.h">
      <Filter>Header Files</Filter>
    </ClInclude>
    <ClInclude Include="Components\PickUp.h">
      <Filter>Header Files</Filter>
    </ClInclude>
    <ClInclude Include="PointsDisplayComponent.h">
      <Filter>Header Files</Filter>
    </ClInclude>
    <ClInclude Include="RemainingLivesDisplayComponent.h">
      <Filter>Header Files</Filter>
    </ClInclude>
    <ClInclude Include="RenderComponent.h">
      <Filter>Header Files</Filter>
    </ClInclude>
    <ClInclude Include="TextComponent.h">
      <Filter>Header Files</Filter>
    </ClInclude>
    <ClInclude Include="TTCComponent.h">
      <Filter>Header Files</Filter>
    </ClInclude>
    <ClInclude Include="MoveComponent.h">
      <Filter>Header Files</Filter>
    </ClInclude>
    <ClInclude Include="WakaCommand.h">
      <Filter>Header Files</Filter>
    </ClInclude>
    <ClInclude Include="GhostState.h">
      <Filter>Header Files</Filter>
    </ClInclude>
    <ClInclude Include="GhostStateScatter.h">
      <Filter>Header Files</Filter>
    </ClInclude>
    <ClInclude Include="GhostControllerComponent.h">
      <Filter>Header Files</Filter>
    </ClInclude>
    <ClInclude Include="PowerPelletComponent.h">
      <Filter>Header Files</Filter>
    </ClInclude>
    <ClInclude Include="GhostStateChase.h">
      <Filter>Header Files</Filter>
    </ClInclude>
    <ClInclude Include="GhostStateFrightened.h">
      <Filter>Header Files</Filter>
    </ClInclude>
    <ClInclude Include="GhostStateDead.h">
      <Filter>Header Files</Filter>
    </ClInclude>
    <ClInclude Include="NextSceneCommand.h">
      <Filter>Header Files</Filter>
    </ClInclude>
    <ClInclude Include="Components\Grid.h">
      <Filter>Header Files</Filter>
    </ClInclude>
    <ClInclude Include="Components\PacmanMovement.h">
      <Filter>Header Files</Filter>
    </ClInclude>
    <ClInclude Include="Components\PacmanRender.h">
      <Filter>Header Files</Filter>
    </ClInclude>
    <ClInclude Include="Commands\PacmanMoveCommand.h">
      <Filter>Header Files</Filter>
    </ClInclude>
    <ClInclude Include="Components\PickupSpawner.h">
      <Filter>Header Files</Filter>
    </ClInclude>
    <ClInclude Include="Components\CircleCollider.h">
      <Filter>Header Files</Filter>
    </ClInclude>
    <ClInclude Include="Components\PacmanController.h">
      <Filter>Header Files</Filter>
    </ClInclude>
  </ItemGroup>
</Project>